# This file is autogenerated, do not edit; changes may be undone by the next 'dep ensure'.


[[projects]]
  digest = "1:2e26344993d795329f10edb33d8594c70b7acd4db3f7e2fd62507bb2cc52b311"
  name = "github.com/go-stomp/stomp"
  packages = [
    ".",
    "frame",
  ]
  pruneopts = ""
  revision = "ba860900ef3307ecfe85ca14bc4838f24cfc7126"
  version = "v2.0"

[solve-meta]
  analyzer-name = "dep"
  analyzer-version = 1
  input-imports = ["github.com/go-stomp/stomp"]
  solver-name = "gps-cdcl"
  solver-version = 1
